
Microsoft Visual Studio Solution File, Format Version 12.00
# Visual Studio Version 16
VisualStudioVersion = 16.0.29025.244
MinimumVisualStudioVersion = 10.0.40219.1
Project("{8BC9CEB8-8B4A-11D0-8D11-00A0C91BC942}") = "1", "1\1.vcxproj", "{BA7CF6D8-3BB8-430E-8A40-BE173AD0B65E}"
EndProject
Global
	GlobalSection(SolutionConfigurationPlatforms) = preSolution
		Debug|x64 = Debug|x64
		Debug|x86 = Debug|x86
		Release|x64 = Release|x64
		Release|x86 = Release|x86
	EndGlobalSection
	GlobalSection(ProjectConfigurationPlatforms) = postSolution
		{BA7CF6D8-3BB8-430E-8A40-BE173AD0B65E}.Debug|x64.ActiveCfg = Debug|x64
		{BA7CF6D8-3BB8-430E-8A40-BE173AD0B65E}.Debug|x64.Build.0 = Debug|x64
		{BA7CF6D8-3BB8-430E-8A40-BE173AD0B65E}.Debug|x86.ActiveCfg = Debug|Win32
		{BA7CF6D8-3BB8-430E-8A40-BE173AD0B65E}.Debug|x86.Build.0 = Debug|Win32
		{BA7CF6D8-3BB8-430E-8A40-BE173AD0B65E}.Release|x64.ActiveCfg = Release|x64
		{BA7CF6D8-3BB8-430E-8A40-BE173AD0B65E}.Release|x64.Build.0 = Release|x64
		{BA7CF6D8-3BB8-430E-8A40-BE173AD0B65E}.Release|x86.ActiveCfg = Release|Win32
		{BA7CF6D8-3BB8-430E-8A40-BE173AD0B65E}.Release|x86.Build.0 = Release|Win32
	EndGlobalSection
	GlobalSection(SolutionProperties) = preSolution
		HideSolutionNode = FALSE
	EndGlobalSection
	GlobalSection(ExtensibilityGlobals) = postSolution
		SolutionGuid = {A4D54AD6-294B-4514-B35F-A289CEFE6B83}
	EndGlobalSection
EndGlobal
